// !$*UTF8*$!
{
	archiveVersion = 1;
	classes = {
	};
	objectVersion = 77;
	objects = {

/* Begin PBXBuildFile section */
		066B25AA6572B71018CD340C /* TagPageView.swift in Sources */ = {isa = PBXBuildFile; fileRef = 6A307563F2BC1FA272D9D732 /* TagPageView.swift */; };
		09479A25AAB4EA40CC8FEDA0 /* OutlinerView.swift in Sources */ = {isa = PBXBuildFile; fileRef = CAB173D4D76EDF9C10B73B0F /* OutlinerView.swift */; };
		0ACAC34CB29FB3F612A721B1 /* IconPickerView.swift in Sources */ = {isa = PBXBuildFile; fileRef = 4FD58250F3EE0FF38D7E6FD7 /* IconPickerView.swift */; };
		1222FC6597693AC16EBDC84F /* TeselaCommands.swift in Sources */ = {isa = PBXBuildFile; fileRef = A558BEB394EBFAE4CBE4842E /* TeselaCommands.swift */; };
		198408BA5387E8F55FBE4B3F /* PageListView.swift in Sources */ = {isa = PBXBuildFile; fileRef = C3FED602B9C84575964F5FA2 /* PageListView.swift */; };
		1FFEEBF47A2810E29AFAB8AD /* VimState.swift in Sources */ = {isa = PBXBuildFile; fileRef = B0F7109A79EAC99086FE540F /* VimState.swift */; };
		271240942915D8250B18FCFF /* SelectListView.swift in Sources */ = {isa = PBXBuildFile; fileRef = 9F68CA38D93CC0EB219E6FCB /* SelectListView.swift */; };
		2CEE0FE31C973EBE9463BA6C /* VimEngineTests.swift in Sources */ = {isa = PBXBuildFile; fileRef = A0FD72C5E276E893CC8DEB64 /* VimEngineTests.swift */; };
		3395D017C7380FB1EF56EFB3 /* SlashMenuView.swift in Sources */ = {isa = PBXBuildFile; fileRef = E5034E7DC05E8A11E4AA6ED7 /* SlashMenuView.swift */; };
		3E290FD064E00EAFD8BD0067 /* APIClientTests.swift in Sources */ = {isa = PBXBuildFile; fileRef = 6974F402BC0671BB7F6D24AB /* APIClientTests.swift */; };
		436C7C139C9B2AFED1C3B9C3 /* BlockParserTests.swift in Sources */ = {isa = PBXBuildFile; fileRef = E79999F5035C127AFF64918F /* BlockParserTests.swift */; };
		44DC03B9348A53C1FDFC5D96 /* TeselaApp.swift in Sources */ = {isa = PBXBuildFile; fileRef = BE9364B5F6D22ABA0E636572 /* TeselaApp.swift */; };
		4A840C42D73B06AE6DA84313 /* GraphView.swift in Sources */ = {isa = PBXBuildFile; fileRef = FABC497C59C6C6EA5CC1DBD2 /* GraphView.swift */; };
		4DB52A1E1ACC75446C4D651A /* TypedBlock.swift in Sources */ = {isa = PBXBuildFile; fileRef = A3717F7B2FFCF0D807E27EB0 /* TypedBlock.swift */; };
		4F320A24A8AE48A7B8F5271E /* BlockParser.swift in Sources */ = {isa = PBXBuildFile; fileRef = 5BD310F1E47B48D2CC65526C /* BlockParser.swift */; };
		518AFD83D31911B5D8682C2F /* APIClient.swift in Sources */ = {isa = PBXBuildFile; fileRef = 06974E4D9B0B4C5405569767 /* APIClient.swift */; };
		592D19E290236B903FCF5DF2 /* BlockZoomView.swift in Sources */ = {isa = PBXBuildFile; fileRef = 5B45089E2F58DE3194B4D971 /* BlockZoomView.swift */; };
		5D4262E3D1311F8F916112A6 /* SidebarView.swift in Sources */ = {isa = PBXBuildFile; fileRef = 08DE7FEBB5035D6C7F7D9DF1 /* SidebarView.swift */; };
		6F91B1483ADBA13457F21710 /* PropertyPageView.swift in Sources */ = {isa = PBXBuildFile; fileRef = 2192D5B9A664C75BF850A425 /* PropertyPageView.swift */; };
		7E0B74D079D9CF56310C1040 /* Block.swift in Sources */ = {isa = PBXBuildFile; fileRef = EF6A8F52A14D5341307B7CDA /* Block.swift */; };
		816EB5B12DE916E4A372699F /* ContentArea.swift in Sources */ = {isa = PBXBuildFile; fileRef = 2516B7F64A5934EB90C0A2F3 /* ContentArea.swift */; };
		8A09C3E68B42F1F42CA6C54C /* SearchHit.swift in Sources */ = {isa = PBXBuildFile; fileRef = AB143CA5F026C576F42D7294 /* SearchHit.swift */; };
		8F52792C0E76B589EDAFF02E /* BlockStyler.swift in Sources */ = {isa = PBXBuildFile; fileRef = C78419676B314818F2A956C2 /* BlockStyler.swift */; };
		917F4CC1F262674344155EAD /* Link.swift in Sources */ = {isa = PBXBuildFile; fileRef = D79AED0A99986E3B4D1F3107 /* Link.swift */; };
		979122D02B4AB4B5EE08F169 /* WsEvent.swift in Sources */ = {isa = PBXBuildFile; fileRef = CD1E261FDB1256A4C8F5092D /* WsEvent.swift */; };
		97EB950FAF03909286701F3A /* DateParser.swift in Sources */ = {isa = PBXBuildFile; fileRef = B071B8CFD98598AECCD3F2C0 /* DateParser.swift */; };
		9BB3FC008F13F33A9D429D94 /* CommandPaletteView.swift in Sources */ = {isa = PBXBuildFile; fileRef = EDBB32E94FAF0850E28D5641 /* CommandPaletteView.swift */; };
		9E033267B235BFAF57B54869 /* MenuCommand.swift in Sources */ = {isa = PBXBuildFile; fileRef = 82D7AD3CCEA6697594652E84 /* MenuCommand.swift */; };
		A522DAF696C8B8DE67161619 /* BlockView.swift in Sources */ = {isa = PBXBuildFile; fileRef = 9C39EB381DB998940EAD68E5 /* BlockView.swift */; };
		A793CE860040055CADCC5083 /* RightSidebarView.swift in Sources */ = {isa = PBXBuildFile; fileRef = B516B1FB896984C9A47BA978 /* RightSidebarView.swift */; };
		A8DE69CF9C792BC9A8CF1054 /* AppState.swift in Sources */ = {isa = PBXBuildFile; fileRef = B05C044B8030091D728EA655 /* AppState.swift */; };
		B61CC5AF133C6C8B10A7A938 /* CompletionView.swift in Sources */ = {isa = PBXBuildFile; fileRef = 9054304570421DA7EA21A5ED /* CompletionView.swift */; };
		B8037B1BBED0C10918FBE283 /* RootView.swift in Sources */ = {isa = PBXBuildFile; fileRef = 8DF308818C876207C0482E7E /* RootView.swift */; };
		B939C3D3049B1637BD750C54 /* TypeDefinition.swift in Sources */ = {isa = PBXBuildFile; fileRef = 8D2450A34E3D293628B09ADD /* TypeDefinition.swift */; };
		B9E57229D4D9DC77224B5678 /* VimKeyHandler.swift in Sources */ = {isa = PBXBuildFile; fileRef = 52E040CAD40B4BBB0F7F9A74 /* VimKeyHandler.swift */; };
		C6B5291FF9D97DE191F0BDD2 /* WebSocketClient.swift in Sources */ = {isa = PBXBuildFile; fileRef = A51389A324844D68C04472B4 /* WebSocketClient.swift */; };
		CA8282E79C2E6F5F95DA781B /* MainShellView.swift in Sources */ = {isa = PBXBuildFile; fileRef = 04CE36C6EA97918795CA15F8 /* MainShellView.swift */; };
		D1A5D439F2FDFD95B0DBCF26 /* WsEventTests.swift in Sources */ = {isa = PBXBuildFile; fileRef = 874E24328A38A9F099D6A121 /* WsEventTests.swift */; };
		DB4765347B5E0B1D9EEA0431 /* VimEngine.swift in Sources */ = {isa = PBXBuildFile; fileRef = 6C9E71BC5AA2F3BD2E8BC1ED /* VimEngine.swift */; };
		DF59523B9AD6D8ABB9FE1AF2 /* SettingsView.swift in Sources */ = {isa = PBXBuildFile; fileRef = 063F17C66B1EE61153E18D83 /* SettingsView.swift */; };
		E5E9D8DC6C3CDC7F2998430D /* Persistence.swift in Sources */ = {isa = PBXBuildFile; fileRef = 178AC931D624108AA71D3F1A /* Persistence.swift */; };
		ECA1DA299F4978618A5946FC /* TilesView.swift in Sources */ = {isa = PBXBuildFile; fileRef = C77C769D643532067754AF5D /* TilesView.swift */; };
		ED29CB960AF5C4E35246D25E /* Page.swift in Sources */ = {isa = PBXBuildFile; fileRef = D2B774E882149C14B4989752 /* Page.swift */; };
		F2CB3C6D24E9524EDB2E7EFF /* SpaceMenuView.swift in Sources */ = {isa = PBXBuildFile; fileRef = 9E52D7EA7150FE7556F30E81 /* SpaceMenuView.swift */; };
/* End PBXBuildFile section */

/* Begin PBXContainerItemProxy section */
		03BBB660E600CEA0B802E160 /* PBXContainerItemProxy */ = {
			isa = PBXContainerItemProxy;
			containerPortal = C398704166D406408D621B9A /* Project object */;
			proxyType = 1;
			remoteGlobalIDString = D625E2289CF8C6DCF5E0E63C;
			remoteInfo = Tesela;
		};
/* End PBXContainerItemProxy section */

/* Begin PBXFileReference section */
		04CE36C6EA97918795CA15F8 /* MainShellView.swift */ = {isa = PBXFileReference; lastKnownFileType = sourcecode.swift; path = MainShellView.swift; sourceTree = "<group>"; };
		063F17C66B1EE61153E18D83 /* SettingsView.swift */ = {isa = PBXFileReference; lastKnownFileType = sourcecode.swift; path = SettingsView.swift; sourceTree = "<group>"; };
		06974E4D9B0B4C5405569767 /* APIClient.swift */ = {isa = PBXFileReference; lastKnownFileType = sourcecode.swift; path = APIClient.swift; sourceTree = "<group>"; };
		08DE7FEBB5035D6C7F7D9DF1 /* SidebarView.swift */ = {isa = PBXFileReference; lastKnownFileType = sourcecode.swift; path = SidebarView.swift; sourceTree = "<group>"; };
		178AC931D624108AA71D3F1A /* Persistence.swift */ = {isa = PBXFileReference; lastKnownFileType = sourcecode.swift; path = Persistence.swift; sourceTree = "<group>"; };
		2192D5B9A664C75BF850A425 /* PropertyPageView.swift */ = {isa = PBXFileReference; lastKnownFileType = sourcecode.swift; path = PropertyPageView.swift; sourceTree = "<group>"; };
		2516B7F64A5934EB90C0A2F3 /* ContentArea.swift */ = {isa = PBXFileReference; lastKnownFileType = sourcecode.swift; path = ContentArea.swift; sourceTree = "<group>"; };
		32154A01C5BEF15E051D8735 /* Tesela.app */ = {isa = PBXFileReference; explicitFileType = wrapper.application; includeInIndex = 0; path = Tesela.app; sourceTree = BUILT_PRODUCTS_DIR; };
		4FD58250F3EE0FF38D7E6FD7 /* IconPickerView.swift */ = {isa = PBXFileReference; lastKnownFileType = sourcecode.swift; path = IconPickerView.swift; sourceTree = "<group>"; };
		52E040CAD40B4BBB0F7F9A74 /* VimKeyHandler.swift */ = {isa = PBXFileReference; lastKnownFileType = sourcecode.swift; path = VimKeyHandler.swift; sourceTree = "<group>"; };
		5B45089E2F58DE3194B4D971 /* BlockZoomView.swift */ = {isa = PBXFileReference; lastKnownFileType = sourcecode.swift; path = BlockZoomView.swift; sourceTree = "<group>"; };
		5BD310F1E47B48D2CC65526C /* BlockParser.swift */ = {isa = PBXFileReference; lastKnownFileType = sourcecode.swift; path = BlockParser.swift; sourceTree = "<group>"; };
		6974F402BC0671BB7F6D24AB /* APIClientTests.swift */ = {isa = PBXFileReference; lastKnownFileType = sourcecode.swift; path = APIClientTests.swift; sourceTree = "<group>"; };
		6A307563F2BC1FA272D9D732 /* TagPageView.swift */ = {isa = PBXFileReference; lastKnownFileType = sourcecode.swift; path = TagPageView.swift; sourceTree = "<group>"; };
		6C9E71BC5AA2F3BD2E8BC1ED /* VimEngine.swift */ = {isa = PBXFileReference; lastKnownFileType = sourcecode.swift; path = VimEngine.swift; sourceTree = "<group>"; };
		82D7AD3CCEA6697594652E84 /* MenuCommand.swift */ = {isa = PBXFileReference; lastKnownFileType = sourcecode.swift; path = MenuCommand.swift; sourceTree = "<group>"; };
		874E24328A38A9F099D6A121 /* WsEventTests.swift */ = {isa = PBXFileReference; lastKnownFileType = sourcecode.swift; path = WsEventTests.swift; sourceTree = "<group>"; };
		8D2450A34E3D293628B09ADD /* TypeDefinition.swift */ = {isa = PBXFileReference; lastKnownFileType = sourcecode.swift; path = TypeDefinition.swift; sourceTree = "<group>"; };
		8DF308818C876207C0482E7E /* RootView.swift */ = {isa = PBXFileReference; lastKnownFileType = sourcecode.swift; path = RootView.swift; sourceTree = "<group>"; };
		9054304570421DA7EA21A5ED /* CompletionView.swift */ = {isa = PBXFileReference; lastKnownFileType = sourcecode.swift; path = CompletionView.swift; sourceTree = "<group>"; };
		9C39EB381DB998940EAD68E5 /* BlockView.swift */ = {isa = PBXFileReference; lastKnownFileType = sourcecode.swift; path = BlockView.swift; sourceTree = "<group>"; };
		9D993C7569E49CF342A7C34C /* TeselaTests.xctest */ = {isa = PBXFileReference; explicitFileType = wrapper.cfbundle; includeInIndex = 0; path = TeselaTests.xctest; sourceTree = BUILT_PRODUCTS_DIR; };
		9E52D7EA7150FE7556F30E81 /* SpaceMenuView.swift */ = {isa = PBXFileReference; lastKnownFileType = sourcecode.swift; path = SpaceMenuView.swift; sourceTree = "<group>"; };
		9F68CA38D93CC0EB219E6FCB /* SelectListView.swift */ = {isa = PBXFileReference; lastKnownFileType = sourcecode.swift; path = SelectListView.swift; sourceTree = "<group>"; };
		A0FD72C5E276E893CC8DEB64 /* VimEngineTests.swift */ = {isa = PBXFileReference; lastKnownFileType = sourcecode.swift; path = VimEngineTests.swift; sourceTree = "<group>"; };
		A3717F7B2FFCF0D807E27EB0 /* TypedBlock.swift */ = {isa = PBXFileReference; lastKnownFileType = sourcecode.swift; path = TypedBlock.swift; sourceTree = "<group>"; };
		A51389A324844D68C04472B4 /* WebSocketClient.swift */ = {isa = PBXFileReference; lastKnownFileType = sourcecode.swift; path = WebSocketClient.swift; sourceTree = "<group>"; };
		A558BEB394EBFAE4CBE4842E /* TeselaCommands.swift */ = {isa = PBXFileReference; lastKnownFileType = sourcecode.swift; path = TeselaCommands.swift; sourceTree = "<group>"; };
		AB143CA5F026C576F42D7294 /* SearchHit.swift */ = {isa = PBXFileReference; lastKnownFileType = sourcecode.swift; path = SearchHit.swift; sourceTree = "<group>"; };
		B05C044B8030091D728EA655 /* AppState.swift */ = {isa = PBXFileReference; lastKnownFileType = sourcecode.swift; path = AppState.swift; sourceTree = "<group>"; };
		B071B8CFD98598AECCD3F2C0 /* DateParser.swift */ = {isa = PBXFileReference; lastKnownFileType = sourcecode.swift; path = DateParser.swift; sourceTree = "<group>"; };
		B0F7109A79EAC99086FE540F /* VimState.swift */ = {isa = PBXFileReference; lastKnownFileType = sourcecode.swift; path = VimState.swift; sourceTree = "<group>"; };
		B516B1FB896984C9A47BA978 /* RightSidebarView.swift */ = {isa = PBXFileReference; lastKnownFileType = sourcecode.swift; path = RightSidebarView.swift; sourceTree = "<group>"; };
		BE9364B5F6D22ABA0E636572 /* TeselaApp.swift */ = {isa = PBXFileReference; lastKnownFileType = sourcecode.swift; path = TeselaApp.swift; sourceTree = "<group>"; };
		C3FED602B9C84575964F5FA2 /* PageListView.swift */ = {isa = PBXFileReference; lastKnownFileType = sourcecode.swift; path = PageListView.swift; sourceTree = "<group>"; };
		C77C769D643532067754AF5D /* TilesView.swift */ = {isa = PBXFileReference; lastKnownFileType = sourcecode.swift; path = TilesView.swift; sourceTree = "<group>"; };
		C78419676B314818F2A956C2 /* BlockStyler.swift */ = {isa = PBXFileReference; lastKnownFileType = sourcecode.swift; path = BlockStyler.swift; sourceTree = "<group>"; };
		CAB173D4D76EDF9C10B73B0F /* OutlinerView.swift */ = {isa = PBXFileReference; lastKnownFileType = sourcecode.swift; path = OutlinerView.swift; sourceTree = "<group>"; };
		CD1E261FDB1256A4C8F5092D /* WsEvent.swift */ = {isa = PBXFileReference; lastKnownFileType = sourcecode.swift; path = WsEvent.swift; sourceTree = "<group>"; };
		D2B774E882149C14B4989752 /* Page.swift */ = {isa = PBXFileReference; lastKnownFileType = sourcecode.swift; path = Page.swift; sourceTree = "<group>"; };
		D79AED0A99986E3B4D1F3107 /* Link.swift */ = {isa = PBXFileReference; lastKnownFileType = sourcecode.swift; path = Link.swift; sourceTree = "<group>"; };
		E5034E7DC05E8A11E4AA6ED7 /* SlashMenuView.swift */ = {isa = PBXFileReference; lastKnownFileType = sourcecode.swift; path = SlashMenuView.swift; sourceTree = "<group>"; };
		E79999F5035C127AFF64918F /* BlockParserTests.swift */ = {isa = PBXFileReference; lastKnownFileType = sourcecode.swift; path = BlockParserTests.swift; sourceTree = "<group>"; };
		EDBB32E94FAF0850E28D5641 /* CommandPaletteView.swift */ = {isa = PBXFileReference; lastKnownFileType = sourcecode.swift; path = CommandPaletteView.swift; sourceTree = "<group>"; };
		EF6A8F52A14D5341307B7CDA /* Block.swift */ = {isa = PBXFileReference; lastKnownFileType = sourcecode.swift; path = Block.swift; sourceTree = "<group>"; };
		F08A13EED0501975DFE86981 /* Info.plist */ = {isa = PBXFileReference; lastKnownFileType = text.plist; path = Info.plist; sourceTree = "<group>"; };
		FABC497C59C6C6EA5CC1DBD2 /* GraphView.swift */ = {isa = PBXFileReference; lastKnownFileType = sourcecode.swift; path = GraphView.swift; sourceTree = "<group>"; };
/* End PBXFileReference section */

/* Begin PBXGroup section */
		047BC1B2398E2F4F79F888FF /* VimEngine */ = {
			isa = PBXGroup;
			children = (
				6C9E71BC5AA2F3BD2E8BC1ED /* VimEngine.swift */,
				52E040CAD40B4BBB0F7F9A74 /* VimKeyHandler.swift */,
				B0F7109A79EAC99086FE540F /* VimState.swift */,
			);
			path = VimEngine;
			sourceTree = "<group>";
		};
		20D47A070885FD0E0221D373 /* RightPanel */ = {
			isa = PBXGroup;
			children = (
				B516B1FB896984C9A47BA978 /* RightSidebarView.swift */,
			);
			path = RightPanel;
			sourceTree = "<group>";
		};
		25DBE44E79C80731BE350726 /* App */ = {
			isa = PBXGroup;
			children = (
				B05C044B8030091D728EA655 /* AppState.swift */,
				BE9364B5F6D22ABA0E636572 /* TeselaApp.swift */,
				A558BEB394EBFAE4CBE4842E /* TeselaCommands.swift */,
			);
			path = App;
			sourceTree = "<group>";
		};
		43CE4CDAD2A1DCA3AB68E247 /* Products */ = {
			isa = PBXGroup;
			children = (
				32154A01C5BEF15E051D8735 /* Tesela.app */,
				9D993C7569E49CF342A7C34C /* TeselaTests.xctest */,
			);
			name = Products;
			sourceTree = "<group>";
		};
		4C5CA7303831FDE0153071EB /* Models */ = {
			isa = PBXGroup;
			children = (
				EF6A8F52A14D5341307B7CDA /* Block.swift */,
				D79AED0A99986E3B4D1F3107 /* Link.swift */,
				82D7AD3CCEA6697594652E84 /* MenuCommand.swift */,
				D2B774E882149C14B4989752 /* Page.swift */,
				AB143CA5F026C576F42D7294 /* SearchHit.swift */,
				A3717F7B2FFCF0D807E27EB0 /* TypedBlock.swift */,
				8D2450A34E3D293628B09ADD /* TypeDefinition.swift */,
				CD1E261FDB1256A4C8F5092D /* WsEvent.swift */,
			);
			path = Models;
			sourceTree = "<group>";
		};
		575122FE4D3107C2C96E793C /* TeselaTests */ = {
			isa = PBXGroup;
			children = (
				6974F402BC0671BB7F6D24AB /* APIClientTests.swift */,
				E79999F5035C127AFF64918F /* BlockParserTests.swift */,
				A0FD72C5E276E893CC8DEB64 /* VimEngineTests.swift */,
				874E24328A38A9F099D6A121 /* WsEventTests.swift */,
			);
			path = TeselaTests;
			sourceTree = "<group>";
		};
		599149A58D5B88FB5972B4E8 /* CommandPalette */ = {
			isa = PBXGroup;
			children = (
				EDBB32E94FAF0850E28D5641 /* CommandPaletteView.swift */,
			);
			path = CommandPalette;
			sourceTree = "<group>";
		};
		5CDF5F42DDAFFC43BF6FF68E /* Services */ = {
			isa = PBXGroup;
			children = (
				06974E4D9B0B4C5405569767 /* APIClient.swift */,
				5BD310F1E47B48D2CC65526C /* BlockParser.swift */,
				A51389A324844D68C04472B4 /* WebSocketClient.swift */,
			);
			path = Services;
			sourceTree = "<group>";
		};
		6D065DD318CD2880D3CC0E00 = {
			isa = PBXGroup;
			children = (
				DDD1149E4696E1B47801741F /* Tesela */,
				575122FE4D3107C2C96E793C /* TeselaTests */,
				43CE4CDAD2A1DCA3AB68E247 /* Products */,
			);
			sourceTree = "<group>";
		};
		70D67408C3222F43FC49E085 /* Editor */ = {
			isa = PBXGroup;
			children = (
				C78419676B314818F2A956C2 /* BlockStyler.swift */,
				9C39EB381DB998940EAD68E5 /* BlockView.swift */,
				9054304570421DA7EA21A5ED /* CompletionView.swift */,
				CAB173D4D76EDF9C10B73B0F /* OutlinerView.swift */,
				9F68CA38D93CC0EB219E6FCB /* SelectListView.swift */,
			);
			path = Editor;
			sourceTree = "<group>";
		};
		77D43E1646C6D81B633082D7 /* Views */ = {
			isa = PBXGroup;
			children = (
				5B45089E2F58DE3194B4D971 /* BlockZoomView.swift */,
				2516B7F64A5934EB90C0A2F3 /* ContentArea.swift */,
				4FD58250F3EE0FF38D7E6FD7 /* IconPickerView.swift */,
				04CE36C6EA97918795CA15F8 /* MainShellView.swift */,
				2192D5B9A664C75BF850A425 /* PropertyPageView.swift */,
				8DF308818C876207C0482E7E /* RootView.swift */,
				063F17C66B1EE61153E18D83 /* SettingsView.swift */,
				6A307563F2BC1FA272D9D732 /* TagPageView.swift */,
				C77C769D643532067754AF5D /* TilesView.swift */,
				599149A58D5B88FB5972B4E8 /* CommandPalette */,
				8D3891783A514255EE291245 /* Graph */,
				20D47A070885FD0E0221D373 /* RightPanel */,
				B603E1AF29B89806C6118D49 /* Sidebar */,
				9A0650E8559F3D21FEA0FC62 /* SlashMenu */,
				7A59AA701CF950D87B60FFCC /* SpaceMenu */,
			);
			path = Views;
			sourceTree = "<group>";
		};
		7A59AA701CF950D87B60FFCC /* SpaceMenu */ = {
			isa = PBXGroup;
			children = (
				9E52D7EA7150FE7556F30E81 /* SpaceMenuView.swift */,
			);
			path = SpaceMenu;
			sourceTree = "<group>";
		};
		83A26D1FF92B855BD5E96FCF /* Resources */ = {
			isa = PBXGroup;
			children = (
				F08A13EED0501975DFE86981 /* Info.plist */,
			);
			path = Resources;
			sourceTree = "<group>";
		};
		8D3891783A514255EE291245 /* Graph */ = {
			isa = PBXGroup;
			children = (
				FABC497C59C6C6EA5CC1DBD2 /* GraphView.swift */,
			);
			path = Graph;
			sourceTree = "<group>";
		};
		9A0650E8559F3D21FEA0FC62 /* SlashMenu */ = {
			isa = PBXGroup;
			children = (
				E5034E7DC05E8A11E4AA6ED7 /* SlashMenuView.swift */,
			);
			path = SlashMenu;
			sourceTree = "<group>";
		};
		B603E1AF29B89806C6118D49 /* Sidebar */ = {
			isa = PBXGroup;
			children = (
				C3FED602B9C84575964F5FA2 /* PageListView.swift */,
				08DE7FEBB5035D6C7F7D9DF1 /* SidebarView.swift */,
			);
			path = Sidebar;
			sourceTree = "<group>";
		};
		DDD1149E4696E1B47801741F /* Tesela */ = {
			isa = PBXGroup;
			children = (
				25DBE44E79C80731BE350726 /* App */,
				70D67408C3222F43FC49E085 /* Editor */,
				4C5CA7303831FDE0153071EB /* Models */,
				83A26D1FF92B855BD5E96FCF /* Resources */,
				5CDF5F42DDAFFC43BF6FF68E /* Services */,
				F0687CC5F12965035C90E3C6 /* Utilities */,
				77D43E1646C6D81B633082D7 /* Views */,
				047BC1B2398E2F4F79F888FF /* VimEngine */,
			);
			path = Tesela;
			sourceTree = "<group>";
		};
		F0687CC5F12965035C90E3C6 /* Utilities */ = {
			isa = PBXGroup;
			children = (
				B071B8CFD98598AECCD3F2C0 /* DateParser.swift */,
				178AC931D624108AA71D3F1A /* Persistence.swift */,
			);
			path = Utilities;
			sourceTree = "<group>";
		};
/* End PBXGroup section */

/* Begin PBXNativeTarget section */
		D625E2289CF8C6DCF5E0E63C /* Tesela */ = {
			isa = PBXNativeTarget;
			buildConfigurationList = 7BD83CC4E786F396BE662127 /* Build configuration list for PBXNativeTarget "Tesela" */;
			buildPhases = (
				CD8A9F7ADDCF0A45DA2C160C /* Sources */,
			);
			buildRules = (
			);
			dependencies = (
			);
			name = Tesela;
			packageProductDependencies = (
			);
			productName = Tesela;
			productReference = 32154A01C5BEF15E051D8735 /* Tesela.app */;
			productType = "com.apple.product-type.application";
		};
		D779429A8DE485A953AF8BAA /* TeselaTests */ = {
			isa = PBXNativeTarget;
			buildConfigurationList = D9382994D0E56263CBC120CF /* Build configuration list for PBXNativeTarget "TeselaTests" */;
			buildPhases = (
				445DF3E46BE77215047586CA /* Sources */,
			);
			buildRules = (
			);
			dependencies = (
				9600EC06B7A867E5BCFA03DF /* PBXTargetDependency */,
			);
			name = TeselaTests;
			packageProductDependencies = (
			);
			productName = TeselaTests;
			productReference = 9D993C7569E49CF342A7C34C /* TeselaTests.xctest */;
			productType = "com.apple.product-type.bundle.unit-test";
		};
/* End PBXNativeTarget section */

/* Begin PBXProject section */
		C398704166D406408D621B9A /* Project object */ = {
			isa = PBXProject;
			attributes = {
				BuildIndependentTargetsInParallel = YES;
				LastUpgradeCheck = 2600;
				TargetAttributes = {
					D625E2289CF8C6DCF5E0E63C = {
						DevelopmentTeam = "";
						ProvisioningStyle = Automatic;
					};
				};
			};
			buildConfigurationList = 6148DFB4F9FC69F5BD69DFC7 /* Build configuration list for PBXProject "Tesela" */;
			developmentRegion = en;
			hasScannedForEncodings = 0;
			knownRegions = (
				Base,
				en,
			);
			mainGroup = 6D065DD318CD2880D3CC0E00;
			minimizedProjectReferenceProxies = 1;
			preferredProjectObjectVersion = 77;
			productRefGroup = 43CE4CDAD2A1DCA3AB68E247 /* Products */;
			projectDirPath = "";
			projectRoot = "";
			targets = (
				D625E2289CF8C6DCF5E0E63C /* Tesela */,
				D779429A8DE485A953AF8BAA /* TeselaTests */,
			);
		};
/* End PBXProject section */

/* Begin PBXSourcesBuildPhase section */
		445DF3E46BE77215047586CA /* Sources */ = {
			isa = PBXSourcesBuildPhase;
			buildActionMask = 2147483647;
			files = (
				3E290FD064E00EAFD8BD0067 /* APIClientTests.swift in Sources */,
				436C7C139C9B2AFED1C3B9C3 /* BlockParserTests.swift in Sources */,
				2CEE0FE31C973EBE9463BA6C /* VimEngineTests.swift in Sources */,
				D1A5D439F2FDFD95B0DBCF26 /* WsEventTests.swift in Sources */,
			);
			runOnlyForDeploymentPostprocessing = 0;
		};
		CD8A9F7ADDCF0A45DA2C160C /* Sources */ = {
			isa = PBXSourcesBuildPhase;
			buildActionMask = 2147483647;
			files = (
				518AFD83D31911B5D8682C2F /* APIClient.swift in Sources */,
				A8DE69CF9C792BC9A8CF1054 /* AppState.swift in Sources */,
				7E0B74D079D9CF56310C1040 /* Block.swift in Sources */,
				4F320A24A8AE48A7B8F5271E /* BlockParser.swift in Sources */,
				8F52792C0E76B589EDAFF02E /* BlockStyler.swift in Sources */,
				A522DAF696C8B8DE67161619 /* BlockView.swift in Sources */,
				592D19E290236B903FCF5DF2 /* BlockZoomView.swift in Sources */,
				9BB3FC008F13F33A9D429D94 /* CommandPaletteView.swift in Sources */,
				B61CC5AF133C6C8B10A7A938 /* CompletionView.swift in Sources */,
				816EB5B12DE916E4A372699F /* ContentArea.swift in Sources */,
				97EB950FAF03909286701F3A /* DateParser.swift in Sources */,
				4A840C42D73B06AE6DA84313 /* GraphView.swift in Sources */,
				0ACAC34CB29FB3F612A721B1 /* IconPickerView.swift in Sources */,
				917F4CC1F262674344155EAD /* Link.swift in Sources */,
				CA8282E79C2E6F5F95DA781B /* MainShellView.swift in Sources */,
				9E033267B235BFAF57B54869 /* MenuCommand.swift in Sources */,
				09479A25AAB4EA40CC8FEDA0 /* OutlinerView.swift in Sources */,
				ED29CB960AF5C4E35246D25E /* Page.swift in Sources */,
				198408BA5387E8F55FBE4B3F /* PageListView.swift in Sources */,
				E5E9D8DC6C3CDC7F2998430D /* Persistence.swift in Sources */,
				6F91B1483ADBA13457F21710 /* PropertyPageView.swift in Sources */,
				A793CE860040055CADCC5083 /* RightSidebarView.swift in Sources */,
				B8037B1BBED0C10918FBE283 /* RootView.swift in Sources */,
				8A09C3E68B42F1F42CA6C54C /* SearchHit.swift in Sources */,
				271240942915D8250B18FCFF /* SelectListView.swift in Sources */,
				DF59523B9AD6D8ABB9FE1AF2 /* SettingsView.swift in Sources */,
				5D4262E3D1311F8F916112A6 /* SidebarView.swift in Sources */,
				3395D017C7380FB1EF56EFB3 /* SlashMenuView.swift in Sources */,
				F2CB3C6D24E9524EDB2E7EFF /* SpaceMenuView.swift in Sources */,
				066B25AA6572B71018CD340C /* TagPageView.swift in Sources */,
				44DC03B9348A53C1FDFC5D96 /* TeselaApp.swift in Sources */,
				1222FC6597693AC16EBDC84F /* TeselaCommands.swift in Sources */,
				ECA1DA299F4978618A5946FC /* TilesView.swift in Sources */,
				B939C3D3049B1637BD750C54 /* TypeDefinition.swift in Sources */,
				4DB52A1E1ACC75446C4D651A /* TypedBlock.swift in Sources */,
				DB4765347B5E0B1D9EEA0431 /* VimEngine.swift in Sources */,
				B9E57229D4D9DC77224B5678 /* VimKeyHandler.swift in Sources */,
				1FFEEBF47A2810E29AFAB8AD /* VimState.swift in Sources */,
				C6B5291FF9D97DE191F0BDD2 /* WebSocketClient.swift in Sources */,
				979122D02B4AB4B5EE08F169 /* WsEvent.swift in Sources */,
			);
			runOnlyForDeploymentPostprocessing = 0;
		};
/* End PBXSourcesBuildPhase section */

/* Begin PBXTargetDependency section */
		9600EC06B7A867E5BCFA03DF /* PBXTargetDependency */ = {
			isa = PBXTargetDependency;
			target = D625E2289CF8C6DCF5E0E63C /* Tesela */;
			targetProxy = 03BBB660E600CEA0B802E160 /* PBXContainerItemProxy */;
		};
/* End PBXTargetDependency section */

/* Begin XCBuildConfiguration section */
		1C51D78B63296F9CE6E8CC25 /* Debug */ = {
			isa = XCBuildConfiguration;
			buildSettings = {
				ASSETCATALOG_COMPILER_APPICON_NAME = AppIcon;
				CODE_SIGN_STYLE = Automatic;
				COMBINE_HIDPI_IMAGES = YES;
				DEVELOPMENT_TEAM = "";
				ENABLE_HARDENED_RUNTIME = YES;
				INFOPLIST_FILE = Tesela/Resources/Info.plist;
				LD_RUNPATH_SEARCH_PATHS = (
					"$(inherited)",
					"@executable_path/../Frameworks",
				);
				MACOSX_DEPLOYMENT_TARGET = 26.0;
				PRODUCT_BUNDLE_IDENTIFIER = com.tesela.app;
				SDKROOT = macosx;
				SWIFT_STRICT_CONCURRENCY = complete;
				SWIFT_VERSION = 6.0;
			};
			name = Debug;
		};
		3ACDCE985EFFFF7F5271254E /* Release */ = {
			isa = XCBuildConfiguration;
			buildSettings = {
				BUNDLE_LOADER = "$(TEST_HOST)";
				COMBINE_HIDPI_IMAGES = YES;
				GENERATE_INFOPLIST_FILE = YES;
				LD_RUNPATH_SEARCH_PATHS = (
					"$(inherited)",
					"@executable_path/../Frameworks",
					"@loader_path/../Frameworks",
				);
				MACOSX_DEPLOYMENT_TARGET = 26.0;
				PRODUCT_BUNDLE_IDENTIFIER = com.tesela.tests;
				SDKROOT = macosx;
				SWIFT_VERSION = 6.0;
				TEST_HOST = "$(BUILT_PRODUCTS_DIR)/Tesela.app/Contents/MacOS/Tesela";
			};
			name = Release;
		};
		6A5CD7A6553BB939C0A5165E /* Release */ = {
			isa = XCBuildConfiguration;
			buildSettings = {
				ALWAYS_SEARCH_USER_PATHS = NO;
				CLANG_ANALYZER_NONNULL = YES;
				CLANG_ANALYZER_NUMBER_OBJECT_CONVERSION = YES_AGGRESSIVE;
				CLANG_CXX_LANGUAGE_STANDARD = "gnu++14";
				CLANG_CXX_LIBRARY = "libc++";
				CLANG_ENABLE_MODULES = YES;
				CLANG_ENABLE_OBJC_ARC = YES;
				CLANG_ENABLE_OBJC_WEAK = YES;
				CLANG_WARN_BLOCK_CAPTURE_AUTORELEASING = YES;
				CLANG_WARN_BOOL_CONVERSION = YES;
				CLANG_WARN_COMMA = YES;
				CLANG_WARN_CONSTANT_CONVERSION = YES;
				CLANG_WARN_DEPRECATED_OBJC_IMPLEMENTATIONS = YES;
				CLANG_WARN_DIRECT_OBJC_ISA_USAGE = YES_ERROR;
				CLANG_WARN_DOCUMENTATION_COMMENTS = YES;
				CLANG_WARN_EMPTY_BODY = YES;
				CLANG_WARN_ENUM_CONVERSION = YES;
				CLANG_WARN_INFINITE_RECURSION = YES;
				CLANG_WARN_INT_CONVERSION = YES;
				CLANG_WARN_NON_LITERAL_NULL_CONVERSION = YES;
				CLANG_WARN_OBJC_IMPLICIT_RETAIN_SELF = YES;
				CLANG_WARN_OBJC_LITERAL_CONVERSION = YES;
				CLANG_WARN_OBJC_ROOT_CLASS = YES_ERROR;
				CLANG_WARN_QUOTED_INCLUDE_IN_FRAMEWORK_HEADER = YES;
				CLANG_WARN_RANGE_LOOP_ANALYSIS = YES;
				CLANG_WARN_STRICT_PROTOTYPES = YES;
				CLANG_WARN_SUSPICIOUS_MOVE = YES;
				CLANG_WARN_UNGUARDED_AVAILABILITY = YES_AGGRESSIVE;
				CLANG_WARN_UNREACHABLE_CODE = YES;
				CLANG_WARN__DUPLICATE_METHOD_MATCH = YES;
				COPY_PHASE_STRIP = NO;
				DEBUG_INFORMATION_FORMAT = "dwarf-with-dsym";
				ENABLE_HARDENED_RUNTIME = YES;
				ENABLE_NS_ASSERTIONS = NO;
				ENABLE_STRICT_OBJC_MSGSEND = YES;
				GCC_C_LANGUAGE_STANDARD = gnu11;
				GCC_NO_COMMON_BLOCKS = YES;
				GCC_WARN_64_TO_32_BIT_CONVERSION = YES;
				GCC_WARN_ABOUT_RETURN_TYPE = YES_ERROR;
				GCC_WARN_UNDECLARED_SELECTOR = YES;
				GCC_WARN_UNINITIALIZED_AUTOS = YES_AGGRESSIVE;
				GCC_WARN_UNUSED_FUNCTION = YES;
				GCC_WARN_UNUSED_VARIABLE = YES;
				MACOSX_DEPLOYMENT_TARGET = 26.0;
				MTL_ENABLE_DEBUG_INFO = NO;
				MTL_FAST_MATH = YES;
				PRODUCT_NAME = "$(TARGET_NAME)";
				SDKROOT = macosx;
				SWIFT_COMPILATION_MODE = wholemodule;
				SWIFT_OPTIMIZATION_LEVEL = "-O";
				SWIFT_VERSION = 6.0;
			};
			name = Release;
		};
		7CE2B13E13B7E0659D40CCC6 /* Debug */ = {
			isa = XCBuildConfiguration;
			buildSettings = {
				ALWAYS_SEARCH_USER_PATHS = NO;
				CLANG_ANALYZER_NONNULL = YES;
				CLANG_ANALYZER_NUMBER_OBJECT_CONVERSION = YES_AGGRESSIVE;
				CLANG_CXX_LANGUAGE_STANDARD = "gnu++14";
				CLANG_CXX_LIBRARY = "libc++";
				CLANG_ENABLE_MODULES = YES;
				CLANG_ENABLE_OBJC_ARC = YES;
				CLANG_ENABLE_OBJC_WEAK = YES;
				CLANG_WARN_BLOCK_CAPTURE_AUTORELEASING = YES;
				CLANG_WARN_BOOL_CONVERSION = YES;
				CLANG_WARN_COMMA = YES;
				CLANG_WARN_CONSTANT_CONVERSION = YES;
				CLANG_WARN_DEPRECATED_OBJC_IMPLEMENTATIONS = YES;
				CLANG_WARN_DIRECT_OBJC_ISA_USAGE = YES_ERROR;
				CLANG_WARN_DOCUMENTATION_COMMENTS = YES;
				CLANG_WARN_EMPTY_BODY = YES;
				CLANG_WARN_ENUM_CONVERSION = YES;
				CLANG_WARN_INFINITE_RECURSION = YES;
				CLANG_WARN_INT_CONVERSION = YES;
				CLANG_WARN_NON_LITERAL_NULL_CONVERSION = YES;
				CLANG_WARN_OBJC_IMPLICIT_RETAIN_SELF = YES;
				CLANG_WARN_OBJC_LITERAL_CONVERSION = YES;
				CLANG_WARN_OBJC_ROOT_CLASS = YES_ERROR;
				CLANG_WARN_QUOTED_INCLUDE_IN_FRAMEWORK_HEADER = YES;
				CLANG_WARN_RANGE_LOOP_ANALYSIS = YES;
				CLANG_WARN_STRICT_PROTOTYPES = YES;
				CLANG_WARN_SUSPICIOUS_MOVE = YES;
				CLANG_WARN_UNGUARDED_AVAILABILITY = YES_AGGRESSIVE;
				CLANG_WARN_UNREACHABLE_CODE = YES;
				CLANG_WARN__DUPLICATE_METHOD_MATCH = YES;
				COPY_PHASE_STRIP = NO;
				DEBUG_INFORMATION_FORMAT = dwarf;
				ENABLE_HARDENED_RUNTIME = YES;
				ENABLE_STRICT_OBJC_MSGSEND = YES;
				ENABLE_TESTABILITY = YES;
				GCC_C_LANGUAGE_STANDARD = gnu11;
				GCC_DYNAMIC_NO_PIC = NO;
				GCC_NO_COMMON_BLOCKS = YES;
				GCC_OPTIMIZATION_LEVEL = 0;
				GCC_PREPROCESSOR_DEFINITIONS = (
					"$(inherited)",
					"DEBUG=1",
				);
				GCC_WARN_64_TO_32_BIT_CONVERSION = YES;
				GCC_WARN_ABOUT_RETURN_TYPE = YES_ERROR;
				GCC_WARN_UNDECLARED_SELECTOR = YES;
				GCC_WARN_UNINITIALIZED_AUTOS = YES_AGGRESSIVE;
				GCC_WARN_UNUSED_FUNCTION = YES;
				GCC_WARN_UNUSED_VARIABLE = YES;
				MACOSX_DEPLOYMENT_TARGET = 26.0;
				MTL_ENABLE_DEBUG_INFO = INCLUDE_SOURCE;
				MTL_FAST_MATH = YES;
				ONLY_ACTIVE_ARCH = YES;
				PRODUCT_NAME = "$(TARGET_NAME)";
				SDKROOT = macosx;
				SWIFT_ACTIVE_COMPILATION_CONDITIONS = DEBUG;
				SWIFT_OPTIMIZATION_LEVEL = "-Onone";
				SWIFT_VERSION = 6.0;
			};
			name = Debug;
		};
		7E573F6C3F50D6352484B8DD /* Release */ = {
			isa = XCBuildConfiguration;
			buildSettings = {
				ASSETCATALOG_COMPILER_APPICON_NAME = AppIcon;
				CODE_SIGN_STYLE = Automatic;
				COMBINE_HIDPI_IMAGES = YES;
				DEVELOPMENT_TEAM = "";
				ENABLE_HARDENED_RUNTIME = YES;
				INFOPLIST_FILE = Tesela/Resources/Info.plist;
				LD_RUNPATH_SEARCH_PATHS = (
					"$(inherited)",
					"@executable_path/../Frameworks",
				);
				MACOSX_DEPLOYMENT_TARGET = 26.0;
				PRODUCT_BUNDLE_IDENTIFIER = com.tesela.app;
				SDKROOT = macosx;
				SWIFT_STRICT_CONCURRENCY = complete;
				SWIFT_VERSION = 6.0;
			};
			name = Release;
		};
		B06EBEA051A033B002EDB2DE /* Debug */ = {
			isa = XCBuildConfiguration;
			buildSettings = {
				BUNDLE_LOADER = "$(TEST_HOST)";
				COMBINE_HIDPI_IMAGES = YES;
				GENERATE_INFOPLIST_FILE = YES;
				LD_RUNPATH_SEARCH_PATHS = (
					"$(inherited)",
					"@executable_path/../Frameworks",
					"@loader_path/../Frameworks",
				);
				MACOSX_DEPLOYMENT_TARGET = 26.0;
				PRODUCT_BUNDLE_IDENTIFIER = com.tesela.tests;
				SDKROOT = macosx;
				SWIFT_VERSION = 6.0;
				TEST_HOST = "$(BUILT_PRODUCTS_DIR)/Tesela.app/Contents/MacOS/Tesela";
			};
			name = Debug;
		};
/* End XCBuildConfiguration section */

/* Begin XCConfigurationList section */
		6148DFB4F9FC69F5BD69DFC7 /* Build configuration list for PBXProject "Tesela" */ = {
			isa = XCConfigurationList;
			buildConfigurations = (
				7CE2B13E13B7E0659D40CCC6 /* Debug */,
				6A5CD7A6553BB939C0A5165E /* Release */,
			);
			defaultConfigurationIsVisible = 0;
			defaultConfigurationName = Debug;
		};
		7BD83CC4E786F396BE662127 /* Build configuration list for PBXNativeTarget "Tesela" */ = {
			isa = XCConfigurationList;
			buildConfigurations = (
				1C51D78B63296F9CE6E8CC25 /* Debug */,
				7E573F6C3F50D6352484B8DD /* Release */,
			);
			defaultConfigurationIsVisible = 0;
			defaultConfigurationName = Debug;
		};
		D9382994D0E56263CBC120CF /* Build configuration list for PBXNativeTarget "TeselaTests" */ = {
			isa = XCConfigurationList;
			buildConfigurations = (
				B06EBEA051A033B002EDB2DE /* Debug */,
				3ACDCE985EFFFF7F5271254E /* Release */,
			);
			defaultConfigurationIsVisible = 0;
			defaultConfigurationName = Debug;
		};
/* End XCConfigurationList section */
	};
	rootObject = C398704166D406408D621B9A /* Project object */;
}
